# This file is automatically @generated by Cargo.
# It is not intended for manual editing.
version = 3

[[package]]
name = "acridotheres-3ds"
version = "0.2.0"
dependencies = [
 "dh",
]

[[package]]
name = "dh"
version = "0.8.1"
source = "registry+https://github.com/rust-lang/crates.io-index"
checksum = "d4670f5a327263b647e2f638ec9ac8730e13c71625020bfabea0ec8a6eb0fbfd"
